
Microsoft Visual Studio Solution File, Format Version 12.00
# Visual Studio Version 17
VisualStudioVersion = 17.8.34330.188
MinimumVisualStudioVersion = 10.0.40219.1
Project("{FAE04EC0-301F-11D3-BF4B-00C04F79EFBC}") = "uygulama", "uygulama.csproj", "{35E3D5F4-82DE-4A51-B13E-84DE539CA6E2}"
EndProject
Global
	GlobalSection(SolutionConfigurationPlatforms) = preSolution
		Debug|Any CPU = Debug|Any CPU
		Release|Any CPU = Release|Any CPU
	EndGlobalSection
	GlobalSection(ProjectConfigurationPlatforms) = postSolution
		{35E3D5F4-82DE-4A51-B13E-84DE539CA6E2}.Debug|Any CPU.ActiveCfg = Debug|Any CPU
		{35E3D5F4-82DE-4A51-B13E-84DE539CA6E2}.Debug|Any CPU.Build.0 = Debug|Any CPU
		{35E3D5F4-82DE-4A51-B13E-84DE539CA6E2}.Release|Any CPU.ActiveCfg = Release|Any CPU
		{35E3D5F4-82DE-4A51-B13E-84DE539CA6E2}.Release|Any CPU.Build.0 = Release|Any CPU
	EndGlobalSection
	GlobalSection(SolutionProperties) = preSolution
		HideSolutionNode = FALSE
	EndGlobalSection
	GlobalSection(ExtensibilityGlobals) = postSolution
		SolutionGuid = {C96D70EF-6BD4-4002-BE0D-DE60C41F7CB5}
	EndGlobalSection
EndGlobal
